
Microsoft Visual Studio Solution File, Format Version 12.00
# Visual Studio 14
VisualStudioVersion = 14.0.23107.0
MinimumVisualStudioVersion = 10.0.40219.1
Project("{FAE04EC0-301F-11D3-BF4B-00C04F79EFBC}") = "AmigoSecretoSystem", "AmigoSecreto\AmigoSecretoSystem.csproj", "{1A3AF1CF-1C37-4C67-BAA4-CC32C668E1FB}"
EndProject
Global
	GlobalSection(SolutionConfigurationPlatforms) = preSolution
		Debug|Any CPU = Debug|Any CPU
		Release|Any CPU = Release|Any CPU
	EndGlobalSection
	GlobalSection(ProjectConfigurationPlatforms) = postSolution
		{1A3AF1CF-1C37-4C67-BAA4-CC32C668E1FB}.Debug|Any CPU.ActiveCfg = Debug|Any CPU
		{1A3AF1CF-1C37-4C67-BAA4-CC32C668E1FB}.Debug|Any CPU.Build.0 = Debug|Any CPU
		{1A3AF1CF-1C37-4C67-BAA4-CC32C668E1FB}.Release|Any CPU.ActiveCfg = Release|Any CPU
		{1A3AF1CF-1C37-4C67-BAA4-CC32C668E1FB}.Release|Any CPU.Build.0 = Release|Any CPU
	EndGlobalSection
	GlobalSection(SolutionProperties) = preSolution
		HideSolutionNode = FALSE
	EndGlobalSection
EndGlobal
